{
    "name": "client-acryps-events",
    "lockfileVersion": 2,
    "requires": true,
    "packages": {
        "": {
            "name": "client-acryps-events",
            "hasInstallScript": true,
            "dependencies": {
                "systemjs": "^5.0.0",
                "vldom": "^5.4.0",
                "vldom-default-directives": "^1.0.2"
            }
        },
        "node_modules/@types/node": {
            "version": "14.18.9",
            "resolved": "https://registry.npmjs.org/@types/node/-/node-14.18.9.tgz",
            "integrity": "sha512-j11XSuRuAlft6vLDEX4RvhqC0KxNxx6QIyMXNb0vHHSNPXTPeiy3algESWmOOIzEtiEL0qiowPU3ewW9hHVa7Q=="
        },
        "node_modules/esprima": {
            "version": "4.0.1",
            "resolved": "https://registry.npmjs.org/esprima/-/esprima-4.0.1.tgz",
            "integrity": "sha512-eGuFFw7Upda+g4p+QHvnW0RyTX/SVeJBDM/gCtMARO0cLuT2HcEKnTPvhjV6aGeqrCB/sbNop0Kszm0jsaWU4A==",
            "bin": {
                "esparse": "bin/esparse.js",
                "esvalidate": "bin/esvalidate.js"
            },
            "engines": {
                "node": ">=4"
            }
        },
        "node_modules/systemjs": {
            "version": "5.0.0",
            "resolved": "https://registry.npmjs.org/systemjs/-/systemjs-5.0.0.tgz",
            "integrity": "sha512-hnD/IMQhH0UmawiIGlYVnkCPUbbO/WDQjOC+Q4PewHBdsagI1OHH1re1sg1AYFqq7p9ps6b1Bsx4xCeoeIZSCw=="
        },
        "node_modules/vldom": {
            "version": "5.4.0",
            "resolved": "https://registry.npmjs.org/vldom/-/vldom-5.4.0.tgz",
            "integrity": "sha512-vhsjovn3ZX/iFb6byQWI88vQBZGPDIoYoBvO6C9vFd4SfR0hCdFklsRrrkxesQfL//knxSkLSfQAh/1MJaTDWg==",
            "dependencies": {
                "@types/node": "^14.14.37",
                "esprima": "^4.0.1"
            },
            "bin": {
                "vldom": "bin/vldom.js"
            }
        },
        "node_modules/vldom-default-directives": {
            "version": "1.2.0",
            "resolved": "https://registry.npmjs.org/vldom-default-directives/-/vldom-default-directives-1.2.0.tgz",
            "integrity": "sha512-oudOl95s2oSbMjfHevA/i++qt8P6PcpPSQaS95U/JOIrVGq+QpMpx1ftJ41uwwhXdqiXmqdOGcfIVFJ9SwbYfg=="
        }
    },
    "dependencies": {
        "@types/node": {
            "version": "14.18.9",
            "resolved": "https://registry.npmjs.org/@types/node/-/node-14.18.9.tgz",
            "integrity": "sha512-j11XSuRuAlft6vLDEX4RvhqC0KxNxx6QIyMXNb0vHHSNPXTPeiy3algESWmOOIzEtiEL0qiowPU3ewW9hHVa7Q=="
        },
        "esprima": {
            "version": "4.0.1",
            "resolved": "https://registry.npmjs.org/esprima/-/esprima-4.0.1.tgz",
            "integrity": "sha512-eGuFFw7Upda+g4p+QHvnW0RyTX/SVeJBDM/gCtMARO0cLuT2HcEKnTPvhjV6aGeqrCB/sbNop0Kszm0jsaWU4A=="
        },
        "systemjs": {
            "version": "5.0.0",
            "resolved": "https://registry.npmjs.org/systemjs/-/systemjs-5.0.0.tgz",
            "integrity": "sha512-hnD/IMQhH0UmawiIGlYVnkCPUbbO/WDQjOC+Q4PewHBdsagI1OHH1re1sg1AYFqq7p9ps6b1Bsx4xCeoeIZSCw=="
        },
        "vldom": {
            "version": "5.4.0",
            "resolved": "https://registry.npmjs.org/vldom/-/vldom-5.4.0.tgz",
            "integrity": "sha512-vhsjovn3ZX/iFb6byQWI88vQBZGPDIoYoBvO6C9vFd4SfR0hCdFklsRrrkxesQfL//knxSkLSfQAh/1MJaTDWg==",
            "requires": {
                "@types/node": "^14.14.37",
                "esprima": "^4.0.1"
            }
        },
        "vldom-default-directives": {
            "version": "1.2.0",
            "resolved": "https://registry.npmjs.org/vldom-default-directives/-/vldom-default-directives-1.2.0.tgz",
            "integrity": "sha512-oudOl95s2oSbMjfHevA/i++qt8P6PcpPSQaS95U/JOIrVGq+QpMpx1ftJ41uwwhXdqiXmqdOGcfIVFJ9SwbYfg=="
        }
    }
}
